
Microsoft Visual Studio Solution File, Format Version 12.00
# Visual Studio Version 17
VisualStudioVersion = 17.0.31903.59
MinimumVisualStudioVersion = 10.0.40219.1
Project("{FAE04EC0-301F-11D3-BF4B-00C04F79EFBC}") = "EmployerPortal", "EmployerPortal.API\EmployerPortal.csproj", "{751A95BE-DD17-422E-B7EF-9325D9A86F99}"
EndProject
Project("{FAE04EC0-301F-11D3-BF4B-00C04F79EFBC}") = "EmployerPortal.Tests", "EmployerPortal.Tests\EmployerPortal.Tests.csproj", "{815AF691-C525-4FF7-B556-FB24735059A3}"
EndProject
Global
	GlobalSection(SolutionConfigurationPlatforms) = preSolution
		Debug|Any CPU = Debug|Any CPU
		Release|Any CPU = Release|Any CPU
	EndGlobalSection
	GlobalSection(SolutionProperties) = preSolution
		HideSolutionNode = FALSE
	EndGlobalSection
	GlobalSection(ProjectConfigurationPlatforms) = postSolution
		{751A95BE-DD17-422E-B7EF-9325D9A86F99}.Debug|Any CPU.ActiveCfg = Debug|Any CPU
		{751A95BE-DD17-422E-B7EF-9325D9A86F99}.Debug|Any CPU.Build.0 = Debug|Any CPU
		{751A95BE-DD17-422E-B7EF-9325D9A86F99}.Release|Any CPU.ActiveCfg = Release|Any CPU
		{751A95BE-DD17-422E-B7EF-9325D9A86F99}.Release|Any CPU.Build.0 = Release|Any CPU
		{815AF691-C525-4FF7-B556-FB24735059A3}.Debug|Any CPU.ActiveCfg = Debug|Any CPU
		{815AF691-C525-4FF7-B556-FB24735059A3}.Debug|Any CPU.Build.0 = Debug|Any CPU
		{815AF691-C525-4FF7-B556-FB24735059A3}.Release|Any CPU.ActiveCfg = Release|Any CPU
		{815AF691-C525-4FF7-B556-FB24735059A3}.Release|Any CPU.Build.0 = Release|Any CPU
	EndGlobalSection
EndGlobal
